
Microsoft Visual Studio Solution File, Format Version 12.00
# Visual Studio Version 17
VisualStudioVersion = 17.5.33530.505
MinimumVisualStudioVersion = 10.0.40219.1
Project("{FAE04EC0-301F-11D3-BF4B-00C04F79EFBC}") = "ElevationDesignation", "ElevationDesignation\ElevationDesignation.csproj", "{B320A297-C73F-47D1-B647-6C1C974FF58F}"
EndProject
Global
	GlobalSection(SolutionConfigurationPlatforms) = preSolution
		Debug2023|Any CPU = Debug2023|Any CPU
		Debug2024|Any CPU = Debug2024|Any CPU
		Release2023|Any CPU = Release2023|Any CPU
		Release2024|Any CPU = Release2024|Any CPU
	EndGlobalSection
	GlobalSection(ProjectConfigurationPlatforms) = postSolution
		{B320A297-C73F-47D1-B647-6C1C974FF58F}.Debug2023|Any CPU.ActiveCfg = Debug2023|Any CPU
		{B320A297-C73F-47D1-B647-6C1C974FF58F}.Debug2023|Any CPU.Build.0 = Debug2023|Any CPU
		{B320A297-C73F-47D1-B647-6C1C974FF58F}.Debug2024|Any CPU.ActiveCfg = Debug2024|Any CPU
		{B320A297-C73F-47D1-B647-6C1C974FF58F}.Debug2024|Any CPU.Build.0 = Debug2024|Any CPU
		{B320A297-C73F-47D1-B647-6C1C974FF58F}.Release2023|Any CPU.ActiveCfg = Release2023|Any CPU
		{B320A297-C73F-47D1-B647-6C1C974FF58F}.Release2023|Any CPU.Build.0 = Release2023|Any CPU
		{B320A297-C73F-47D1-B647-6C1C974FF58F}.Release2024|Any CPU.ActiveCfg = Release2024|Any CPU
		{B320A297-C73F-47D1-B647-6C1C974FF58F}.Release2024|Any CPU.Build.0 = Release2024|Any CPU
	EndGlobalSection
	GlobalSection(SolutionProperties) = preSolution
		HideSolutionNode = FALSE
	EndGlobalSection
	GlobalSection(ExtensibilityGlobals) = postSolution
		SolutionGuid = {40AB8F22-8B20-471F-A492-BAF7665145B6}
	EndGlobalSection
EndGlobal
